
Microsoft Visual Studio Solution File, Format Version 12.00
# Visual Studio 15
VisualStudioVersion = 15.0.28307.572
MinimumVisualStudioVersion = 10.0.40219.1
Project("{FAE04EC0-301F-11D3-BF4B-00C04F79EFBC}") = "ConsoleApp1", "ConsoleApp1\ConsoleApp1.csproj", "{7762841A-C28E-4602-AD6B-276FA801E02B}"
EndProject
Global
	GlobalSection(SolutionConfigurationPlatforms) = preSolution
		Debug|Any CPU = Debug|Any CPU
		Release|Any CPU = Release|Any CPU
	EndGlobalSection
	GlobalSection(ProjectConfigurationPlatforms) = postSolution
		{7762841A-C28E-4602-AD6B-276FA801E02B}.Debug|Any CPU.ActiveCfg = Debug|Any CPU
		{7762841A-C28E-4602-AD6B-276FA801E02B}.Debug|Any CPU.Build.0 = Debug|Any CPU
		{7762841A-C28E-4602-AD6B-276FA801E02B}.Release|Any CPU.ActiveCfg = Release|Any CPU
		{7762841A-C28E-4602-AD6B-276FA801E02B}.Release|Any CPU.Build.0 = Release|Any CPU
	EndGlobalSection
	GlobalSection(SolutionProperties) = preSolution
		HideSolutionNode = FALSE
	EndGlobalSection
	GlobalSection(ExtensibilityGlobals) = postSolution
		SolutionGuid = {78BF4B6F-C551-4096-9145-CA9A72FE1508}
	EndGlobalSection
EndGlobal
